
Microsoft Visual Studio Solution File, Format Version 12.00
# Visual Studio Version 17
VisualStudioVersion = 17.6.33801.468
MinimumVisualStudioVersion = 10.0.40219.1
Project("{FAE04EC0-301F-11D3-BF4B-00C04F79EFBC}") = "BeatXP", "BeatXP\BeatXP.csproj", "{DD210B8F-58CC-4EEA-A1D7-7C349C60817A}"
EndProject
Global
	GlobalSection(SolutionConfigurationPlatforms) = preSolution
		Debug|Any CPU = Debug|Any CPU
		Release|Any CPU = Release|Any CPU
	EndGlobalSection
	GlobalSection(ProjectConfigurationPlatforms) = postSolution
		{DD210B8F-58CC-4EEA-A1D7-7C349C60817A}.Debug|Any CPU.ActiveCfg = Debug|Any CPU
		{DD210B8F-58CC-4EEA-A1D7-7C349C60817A}.Debug|Any CPU.Build.0 = Debug|Any CPU
		{DD210B8F-58CC-4EEA-A1D7-7C349C60817A}.Release|Any CPU.ActiveCfg = Release|Any CPU
		{DD210B8F-58CC-4EEA-A1D7-7C349C60817A}.Release|Any CPU.Build.0 = Release|Any CPU
	EndGlobalSection
	GlobalSection(SolutionProperties) = preSolution
		HideSolutionNode = FALSE
	EndGlobalSection
	GlobalSection(ExtensibilityGlobals) = postSolution
		SolutionGuid = {6C8C09DC-14A6-410D-832F-CAC481C1E0F5}
	EndGlobalSection
EndGlobal
